
Microsoft Visual Studio Solution File, Format Version 12.00
# Visual Studio 15
VisualStudioVersion = 15.0.28307.1209
MinimumVisualStudioVersion = 10.0.40219.1
Project("{FAE04EC0-301F-11D3-BF4B-00C04F79EFBC}") = "MVVMSample", "MVVMSample\MVVMSample.csproj", "{C888DF85-AC70-499E-B187-F0C5C2FAC47D}"
EndProject
Project("{FAE04EC0-301F-11D3-BF4B-00C04F79EFBC}") = "TestApiService", "..\TestApiService\TestApiService.csproj", "{FA371E99-AE8D-4E19-BBA4-2423BD5EBEBD}"
EndProject
Project("{FAE04EC0-301F-11D3-BF4B-00C04F79EFBC}") = "UIIntegration", "..\UIIntegration\UIIntegration.csproj", "{DEE11265-6DF2-4E77-BDE5-7360E5A59896}"
EndProject
Project("{FAE04EC0-301F-11D3-BF4B-00C04F79EFBC}") = "TestServiceClient", "..\TestServiceClient\TestServiceClient.csproj", "{8AD70BCF-0C89-47F8-9D1A-AD6615CC937D}"
EndProject
Project("{FAE04EC0-301F-11D3-BF4B-00C04F79EFBC}") = "SystemTest", "SystemTest\SystemTest.csproj", "{19823256-5314-4D49-8C6C-A10DA736DFED}"
EndProject
Global
	GlobalSection(SolutionConfigurationPlatforms) = preSolution
		Debug|Any CPU = Debug|Any CPU
		Release|Any CPU = Release|Any CPU
	EndGlobalSection
	GlobalSection(ProjectConfigurationPlatforms) = postSolution
		{C888DF85-AC70-499E-B187-F0C5C2FAC47D}.Debug|Any CPU.ActiveCfg = Debug|Any CPU
		{C888DF85-AC70-499E-B187-F0C5C2FAC47D}.Debug|Any CPU.Build.0 = Debug|Any CPU
		{C888DF85-AC70-499E-B187-F0C5C2FAC47D}.Release|Any CPU.ActiveCfg = Release|Any CPU
		{C888DF85-AC70-499E-B187-F0C5C2FAC47D}.Release|Any CPU.Build.0 = Release|Any CPU
		{FA371E99-AE8D-4E19-BBA4-2423BD5EBEBD}.Debug|Any CPU.ActiveCfg = Debug|Any CPU
		{FA371E99-AE8D-4E19-BBA4-2423BD5EBEBD}.Debug|Any CPU.Build.0 = Debug|Any CPU
		{FA371E99-AE8D-4E19-BBA4-2423BD5EBEBD}.Release|Any CPU.ActiveCfg = Release|Any CPU
		{FA371E99-AE8D-4E19-BBA4-2423BD5EBEBD}.Release|Any CPU.Build.0 = Release|Any CPU
		{DEE11265-6DF2-4E77-BDE5-7360E5A59896}.Debug|Any CPU.ActiveCfg = Debug|Any CPU
		{DEE11265-6DF2-4E77-BDE5-7360E5A59896}.Debug|Any CPU.Build.0 = Debug|Any CPU
		{DEE11265-6DF2-4E77-BDE5-7360E5A59896}.Release|Any CPU.ActiveCfg = Release|Any CPU
		{DEE11265-6DF2-4E77-BDE5-7360E5A59896}.Release|Any CPU.Build.0 = Release|Any CPU
		{8AD70BCF-0C89-47F8-9D1A-AD6615CC937D}.Debug|Any CPU.ActiveCfg = Debug|Any CPU
		{8AD70BCF-0C89-47F8-9D1A-AD6615CC937D}.Debug|Any CPU.Build.0 = Debug|Any CPU
		{8AD70BCF-0C89-47F8-9D1A-AD6615CC937D}.Release|Any CPU.ActiveCfg = Release|Any CPU
		{8AD70BCF-0C89-47F8-9D1A-AD6615CC937D}.Release|Any CPU.Build.0 = Release|Any CPU
		{19823256-5314-4D49-8C6C-A10DA736DFED}.Debug|Any CPU.ActiveCfg = Debug|Any CPU
		{19823256-5314-4D49-8C6C-A10DA736DFED}.Debug|Any CPU.Build.0 = Debug|Any CPU
		{19823256-5314-4D49-8C6C-A10DA736DFED}.Release|Any CPU.ActiveCfg = Release|Any CPU
		{19823256-5314-4D49-8C6C-A10DA736DFED}.Release|Any CPU.Build.0 = Release|Any CPU
	EndGlobalSection
	GlobalSection(SolutionProperties) = preSolution
		HideSolutionNode = FALSE
	EndGlobalSection
	GlobalSection(ExtensibilityGlobals) = postSolution
		SolutionGuid = {A19DAF38-280B-4712-909C-EE1613575952}
	EndGlobalSection
EndGlobal
