
Microsoft Visual Studio Solution File, Format Version 12.00
# Visual Studio 15
VisualStudioVersion = 15.0.28307.1209
MinimumVisualStudioVersion = 10.0.40219.1
Project("{FAE04EC0-301F-11D3-BF4B-00C04F79EFBC}") = "MVVMSample", "MVVMSample\MVVMSample.csproj", "{C888DF85-AC70-499E-B187-F0C5C2FAC47D}"
EndProject
Project("{FAE04EC0-301F-11D3-BF4B-00C04F79EFBC}") = "UIIntegration", "UIIntegration\UIIntegration.csproj", "{2CB7757E-D6FA-44EA-8071-E7DF15BA9D2A}"
EndProject
Project("{FAE04EC0-301F-11D3-BF4B-00C04F79EFBC}") = "SystemTest", "SystemTest\SystemTest.csproj", "{15C837DB-0884-4519-BF19-CA0ED325F6CD}"
EndProject
Project("{FAE04EC0-301F-11D3-BF4B-00C04F79EFBC}") = "TestServiceClient", "TestServiceClient\TestServiceClient.csproj", "{EF96A3CD-98BA-4AC7-83E8-0FAC1DFBC9AF}"
EndProject
Project("{FAE04EC0-301F-11D3-BF4B-00C04F79EFBC}") = "TestApiService", "TestApiService\TestApiService.csproj", "{77370A85-EE8D-47C9-9E7F-DAE4620717CB}"
EndProject
Global
	GlobalSection(SolutionConfigurationPlatforms) = preSolution
		Debug|Any CPU = Debug|Any CPU
		Release|Any CPU = Release|Any CPU
	EndGlobalSection
	GlobalSection(ProjectConfigurationPlatforms) = postSolution
		{C888DF85-AC70-499E-B187-F0C5C2FAC47D}.Debug|Any CPU.ActiveCfg = Debug|Any CPU
		{C888DF85-AC70-499E-B187-F0C5C2FAC47D}.Debug|Any CPU.Build.0 = Debug|Any CPU
		{C888DF85-AC70-499E-B187-F0C5C2FAC47D}.Release|Any CPU.ActiveCfg = Release|Any CPU
		{C888DF85-AC70-499E-B187-F0C5C2FAC47D}.Release|Any CPU.Build.0 = Release|Any CPU
		{2CB7757E-D6FA-44EA-8071-E7DF15BA9D2A}.Debug|Any CPU.ActiveCfg = Debug|Any CPU
		{2CB7757E-D6FA-44EA-8071-E7DF15BA9D2A}.Debug|Any CPU.Build.0 = Debug|Any CPU
		{2CB7757E-D6FA-44EA-8071-E7DF15BA9D2A}.Release|Any CPU.ActiveCfg = Release|Any CPU
		{2CB7757E-D6FA-44EA-8071-E7DF15BA9D2A}.Release|Any CPU.Build.0 = Release|Any CPU
		{15C837DB-0884-4519-BF19-CA0ED325F6CD}.Debug|Any CPU.ActiveCfg = Debug|Any CPU
		{15C837DB-0884-4519-BF19-CA0ED325F6CD}.Debug|Any CPU.Build.0 = Debug|Any CPU
		{15C837DB-0884-4519-BF19-CA0ED325F6CD}.Release|Any CPU.ActiveCfg = Release|Any CPU
		{15C837DB-0884-4519-BF19-CA0ED325F6CD}.Release|Any CPU.Build.0 = Release|Any CPU
		{EF96A3CD-98BA-4AC7-83E8-0FAC1DFBC9AF}.Debug|Any CPU.ActiveCfg = Debug|Any CPU
		{EF96A3CD-98BA-4AC7-83E8-0FAC1DFBC9AF}.Debug|Any CPU.Build.0 = Debug|Any CPU
		{EF96A3CD-98BA-4AC7-83E8-0FAC1DFBC9AF}.Release|Any CPU.ActiveCfg = Release|Any CPU
		{EF96A3CD-98BA-4AC7-83E8-0FAC1DFBC9AF}.Release|Any CPU.Build.0 = Release|Any CPU
		{77370A85-EE8D-47C9-9E7F-DAE4620717CB}.Debug|Any CPU.ActiveCfg = Debug|Any CPU
		{77370A85-EE8D-47C9-9E7F-DAE4620717CB}.Debug|Any CPU.Build.0 = Debug|Any CPU
		{77370A85-EE8D-47C9-9E7F-DAE4620717CB}.Release|Any CPU.ActiveCfg = Release|Any CPU
		{77370A85-EE8D-47C9-9E7F-DAE4620717CB}.Release|Any CPU.Build.0 = Release|Any CPU
	EndGlobalSection
	GlobalSection(SolutionProperties) = preSolution
		HideSolutionNode = FALSE
	EndGlobalSection
	GlobalSection(ExtensibilityGlobals) = postSolution
		SolutionGuid = {A19DAF38-280B-4712-909C-EE1613575952}
	EndGlobalSection
EndGlobal
